# This file is automatically @generated by Cargo.
# It is not intended for manual editing.
version = 3

[[package]]
name = "autocfg"
version = "1.1.0"
source = "registry+https://github.com/rust-lang/crates.io-index"
checksum = "d468802bab17cbc0cc575e9b053f41e72aa36bfa6b7f55e3529ffa43161b97fa"

[[package]]
name = "bitflags"
version = "1.3.2"
source = "registry+https://github.com/rust-lang/crates.io-index"
checksum = "bef38d45163c2f1dde094a7dfd33ccf595c92905c8f8f4fdc18d06fb1037718a"

[[package]]
name = "cfg-if"
version = "1.0.0"
source = "registry+https://github.com/rust-lang/crates.io-index"
checksum = "baf1de4339761588bc0619e3cbc0120ee582ebb74b53b4efbf79117bd2da40fd"

[[package]]
name = "console"
version = "0.15.1"
source = "registry+https://github.com/rust-lang/crates.io-index"
checksum = "89eab4d20ce20cea182308bca13088fecea9c05f6776cf287205d41a0ed3c847"
dependencies = [
 "encode_unicode",
 "libc",
 "once_cell",
 "terminal_size",
 "unicode-width",
 "winapi",
]

[[package]]
name = "ctor"
version = "0.1.22"
source = "registry+https://github.com/rust-lang/crates.io-index"
checksum = "f877be4f7c9f246b183111634f75baa039715e3f46ce860677d3b19a69fb229c"
dependencies = [
 "quote",
 "syn",
]

[[package]]
name = "dialoguer"
version = "0.10.2"
source = "registry+https://github.com/rust-lang/crates.io-index"
checksum = "a92e7e37ecef6857fdc0c0c5d42fd5b0938e46590c2183cc92dd310a6d078eb1"
dependencies = [
 "console",
 "tempfile",
 "zeroize",
]

[[package]]
name = "dyn-clone"
version = "1.0.9"
source = "registry+https://github.com/rust-lang/crates.io-index"
checksum = "4f94fa09c2aeea5b8839e414b7b841bf429fd25b9c522116ac97ee87856d88b2"

[[package]]
name = "encode_unicode"
version = "0.3.6"
source = "registry+https://github.com/rust-lang/crates.io-index"
checksum = "a357d28ed41a50f9c765dbfe56cbc04a64e53e5fc58ba79fbc34c10ef3df831f"

[[package]]
name = "erased-serde"
version = "0.3.22"
source = "registry+https://github.com/rust-lang/crates.io-index"
checksum = "003000e712ad0f95857bd4d2ef8d1890069e06554101697d12050668b2f6f020"
dependencies = [
 "serde",
]

[[package]]
name = "fastrand"
version = "1.8.0"
source = "registry+https://github.com/rust-lang/crates.io-index"
checksum = "a7a407cfaa3385c4ae6b23e84623d48c2798d06e3e6a1878f7f59f17b3f86499"
dependencies = [
 "instant",
]

[[package]]
name = "getrandom"
version = "0.2.7"
source = "registry+https://github.com/rust-lang/crates.io-index"
checksum = "4eb1a864a501629691edf6c15a593b7a51eebaa1e8468e9ddc623de7c9b58ec6"
dependencies = [
 "cfg-if",
 "libc",
 "wasi",
]

[[package]]
name = "ghost"
version = "0.1.6"
source = "registry+https://github.com/rust-lang/crates.io-index"
checksum = "eb19fe8de3ea0920d282f7b77dd4227aea6b8b999b42cdf0ca41b2472b14443a"
dependencies = [
 "proc-macro2",
 "quote",
 "syn",
]

[[package]]
name = "hashbrown"
version = "0.12.3"
source = "registry+https://github.com/rust-lang/crates.io-index"
checksum = "8a9ee70c43aaf417c914396645a0fa852624801b24ebb7ae78fe8272889ac888"

[[package]]
name = "indexmap"
version = "1.9.1"
source = "registry+https://github.com/rust-lang/crates.io-index"
checksum = "10a35a97730320ffe8e2d410b5d3b69279b98d2c14bdb8b70ea89ecf7888d41e"
dependencies = [
 "autocfg",
 "hashbrown",
]

[[package]]
name = "insta"
version = "1.17.1"
source = "registry+https://github.com/rust-lang/crates.io-index"
checksum = "1585a0f4924236ca3c8dac97bc6a3efaacc08b1ed9264ff2155ec7ab2906a8ea"
dependencies = [
 "console",
 "once_cell",
 "serde",
 "serde_json",
 "serde_yaml 0.8.26",
 "similar",
]

[[package]]
name = "instant"
version = "0.1.12"
source = "registry+https://github.com/rust-lang/crates.io-index"
checksum = "7a5bbe824c507c5da5956355e86a746d82e0e1464f65d862cc5e71da70e94b2c"
dependencies = [
 "cfg-if",
]

[[package]]
name = "inventory"
version = "0.3.1"
source = "registry+https://github.com/rust-lang/crates.io-index"
checksum = "30a61b8101d87996f82d725ba701b1987b7afc72f481c13513a30b855b9c9133"
dependencies = [
 "ctor",
 "ghost",
]

[[package]]
name = "itoa"
version = "1.0.3"
source = "registry+https://github.com/rust-lang/crates.io-index"
checksum = "6c8af84674fe1f223a982c933a0ee1086ac4d4052aa0fb8060c12c6ad838e754"

[[package]]
name = "libc"
version = "0.2.127"
source = "registry+https://github.com/rust-lang/crates.io-index"
checksum = "505e71a4706fa491e9b1b55f51b95d4037d0821ee40131190475f692b35b009b"

[[package]]
name = "linked-hash-map"
version = "0.5.6"
source = "registry+https://github.com/rust-lang/crates.io-index"
checksum = "0717cef1bc8b636c6e1c1bbdefc09e6322da8a9321966e8928ef80d20f7f770f"

[[package]]
name = "once_cell"
version = "1.13.0"
source = "registry+https://github.com/rust-lang/crates.io-index"
checksum = "18a6dbe30758c9f83eb00cbea4ac95966305f5a7772f3f42ebfc7fc7eddbd8e1"

[[package]]
name = "ppv-lite86"
version = "0.2.16"
source = "registry+https://github.com/rust-lang/crates.io-index"
checksum = "eb9f9e6e233e5c4a35559a617bf40a4ec447db2e84c20b55a6f83167b7e57872"

[[package]]
name = "proc-macro2"
version = "1.0.39"
source = "registry+https://github.com/rust-lang/crates.io-index"
checksum = "c54b25569025b7fc9651de43004ae593a75ad88543b17178aa5e1b9c4f15f56f"
dependencies = [
 "unicode-ident",
]

[[package]]
name = "quote"
version = "1.0.10"
source = "registry+https://github.com/rust-lang/crates.io-index"
checksum = "38bc8cc6a5f2e3655e0899c1b848643b2562f853f114bfec7be120678e3ace05"
dependencies = [
 "proc-macro2",
]

[[package]]
name = "rand"
version = "0.8.5"
source = "registry+https://github.com/rust-lang/crates.io-index"
checksum = "34af8d1a0e25924bc5b7c43c079c942339d8f0a8b57c39049bef581b46327404"
dependencies = [
 "libc",
 "rand_chacha",
 "rand_core",
 "serde",
]

[[package]]
name = "rand_chacha"
version = "0.3.1"
source = "registry+https://github.com/rust-lang/crates.io-index"
checksum = "e6c10a63a0fa32252be49d21e7709d4d4baf8d231c2dbce1eaa8141b9b127d88"
dependencies = [
 "ppv-lite86",
 "rand_core",
 "serde",
]

[[package]]
name = "rand_core"
version = "0.6.3"
source = "registry+https://github.com/rust-lang/crates.io-index"
checksum = "d34f1408f55294453790c48b2f1ebbb1c5b4b7563eb1f418bcfcfdbb06ebb4e7"
dependencies = [
 "getrandom",
 "serde",
]

[[package]]
name = "redox_syscall"
version = "0.2.16"
source = "registry+https://github.com/rust-lang/crates.io-index"
checksum = "fb5a58c1855b4b6819d59012155603f0b22ad30cad752600aadfcb695265519a"
dependencies = [
 "bitflags",
]

[[package]]
name = "remove_dir_all"
version = "0.5.3"
source = "registry+https://github.com/rust-lang/crates.io-index"
checksum = "3acd125665422973a33ac9d3dd2df85edad0f4ae9b00dafb1a05e43a9f5ef8e7"
dependencies = [
 "winapi",
]

[[package]]
name = "replace_with"
version = "0.1.7"
source = "registry+https://github.com/rust-lang/crates.io-index"
checksum = "e3a8614ee435691de62bcffcf4a66d91b3594bf1428a5722e79103249a095690"

[[package]]
name = "ryu"
version = "1.0.5"
source = "registry+https://github.com/rust-lang/crates.io-index"
checksum = "71d301d4193d031abdd79ff7e3dd721168a9572ef3fe51a1517aba235bd8f86e"

[[package]]
name = "sandbox"
version = "0.1.0"
dependencies = [
 "dialoguer",
 "dyn-clone",
 "erased-serde",
 "insta",
 "rand",
 "rand_chacha",
 "rand_core",
 "replace_with",
 "serde",
 "serde_json",
 "serde_yaml 0.9.4",
 "typetag",
]

[[package]]
name = "serde"
version = "1.0.142"
source = "registry+https://github.com/rust-lang/crates.io-index"
checksum = "e590c437916fb6b221e1d00df6e3294f3fccd70ca7e92541c475d6ed6ef5fee2"
dependencies = [
 "serde_derive",
]

[[package]]
name = "serde_derive"
version = "1.0.142"
source = "registry+https://github.com/rust-lang/crates.io-index"
checksum = "34b5b8d809babe02f538c2cfec6f2c1ed10804c0e5a6a041a049a4f5588ccc2e"
dependencies = [
 "proc-macro2",
 "quote",
 "syn",
]

[[package]]
name = "serde_json"
version = "1.0.83"
source = "registry+https://github.com/rust-lang/crates.io-index"
checksum = "38dd04e3c8279e75b31ef29dbdceebfe5ad89f4d0937213c53f7d49d01b3d5a7"
dependencies = [
 "itoa",
 "ryu",
 "serde",
]

[[package]]
name = "serde_yaml"
version = "0.8.26"
source = "registry+https://github.com/rust-lang/crates.io-index"
checksum = "578a7433b776b56a35785ed5ce9a7e777ac0598aac5a6dd1b4b18a307c7fc71b"
dependencies = [
 "indexmap",
 "ryu",
 "serde",
 "yaml-rust",
]

[[package]]
name = "serde_yaml"
version = "0.9.4"
source = "registry+https://github.com/rust-lang/crates.io-index"
checksum = "79b7c9017c64a49806c6e8df8ef99b92446d09c92457f85f91835b01a8064ae0"
dependencies = [
 "indexmap",
 "itoa",
 "ryu",
 "serde",
 "unsafe-libyaml",
]

[[package]]
name = "similar"
version = "2.2.0"
source = "registry+https://github.com/rust-lang/crates.io-index"
checksum = "62ac7f900db32bf3fd12e0117dd3dc4da74bc52ebaac97f39668446d89694803"

[[package]]
name = "syn"
version = "1.0.96"
source = "registry+https://github.com/rust-lang/crates.io-index"
checksum = "0748dd251e24453cb8717f0354206b91557e4ec8703673a4b30208f2abaf1ebf"
dependencies = [
 "proc-macro2",
 "quote",
 "unicode-ident",
]

[[package]]
name = "tempfile"
version = "3.3.0"
source = "registry+https://github.com/rust-lang/crates.io-index"
checksum = "5cdb1ef4eaeeaddc8fbd371e5017057064af0911902ef36b39801f67cc6d79e4"
dependencies = [
 "cfg-if",
 "fastrand",
 "libc",
 "redox_syscall",
 "remove_dir_all",
 "winapi",
]

[[package]]
name = "terminal_size"
version = "0.1.17"
source = "registry+https://github.com/rust-lang/crates.io-index"
checksum = "633c1a546cee861a1a6d0dc69ebeca693bf4296661ba7852b9d21d159e0506df"
dependencies = [
 "libc",
 "winapi",
]

[[package]]
name = "typetag"
version = "0.2.3"
source = "registry+https://github.com/rust-lang/crates.io-index"
checksum = "23c8909f61359cac318f10dc9a3f9a7ee2155b6511f2a0c973460222ae5a00bb"
dependencies = [
 "erased-serde",
 "inventory",
 "once_cell",
 "serde",
 "typetag-impl",
]

[[package]]
name = "typetag-impl"
version = "0.2.3"
source = "registry+https://github.com/rust-lang/crates.io-index"
checksum = "fd4d8ff674190866d3437d2f725355d49e99e3b1a513bf7ee43dcfe7effc36f4"
dependencies = [
 "proc-macro2",
 "quote",
 "syn",
]

[[package]]
name = "unicode-ident"
version = "1.0.0"
source = "registry+https://github.com/rust-lang/crates.io-index"
checksum = "d22af068fba1eb5edcb4aea19d382b2a3deb4c8f9d475c589b6ada9e0fd493ee"

[[package]]
name = "unicode-width"
version = "0.1.9"
source = "registry+https://github.com/rust-lang/crates.io-index"
checksum = "3ed742d4ea2bd1176e236172c8429aaf54486e7ac098db29ffe6529e0ce50973"

[[package]]
name = "unsafe-libyaml"
version = "0.2.2"
source = "registry+https://github.com/rust-lang/crates.io-index"
checksum = "931179334a56395bcf64ba5e0ff56781381c1a5832178280c7d7f91d1679aeb0"

[[package]]
name = "wasi"
version = "0.11.0+wasi-snapshot-preview1"
source = "registry+https://github.com/rust-lang/crates.io-index"
checksum = "9c8d87e72b64a3b4db28d11ce29237c246188f4f51057d65a7eab63b7987e423"

[[package]]
name = "winapi"
version = "0.3.9"
source = "registry+https://github.com/rust-lang/crates.io-index"
checksum = "5c839a674fcd7a98952e593242ea400abe93992746761e38641405d28b00f419"
dependencies = [
 "winapi-i686-pc-windows-gnu",
 "winapi-x86_64-pc-windows-gnu",
]

[[package]]
name = "winapi-i686-pc-windows-gnu"
version = "0.4.0"
source = "registry+https://github.com/rust-lang/crates.io-index"
checksum = "ac3b87c63620426dd9b991e5ce0329eff545bccbbb34f3be09ff6fb6ab51b7b6"

[[package]]
name = "winapi-x86_64-pc-windows-gnu"
version = "0.4.0"
source = "registry+https://github.com/rust-lang/crates.io-index"
checksum = "712e227841d057c1ee1cd2fb22fa7e5a5461ae8e48fa2ca79ec42cfc1931183f"

[[package]]
name = "yaml-rust"
version = "0.4.5"
source = "registry+https://github.com/rust-lang/crates.io-index"
checksum = "56c1936c4cc7a1c9ab21a1ebb602eb942ba868cbd44a99cb7cdc5892335e1c85"
dependencies = [
 "linked-hash-map",
]

[[package]]
name = "zeroize"
version = "1.5.7"
source = "registry+https://github.com/rust-lang/crates.io-index"
checksum = "c394b5bd0c6f669e7275d9c20aa90ae064cb22e75a1cad54e1b34088034b149f"
